
Microsoft Visual Studio Solution File, Format Version 12.00
# Visual Studio Version 17
VisualStudioVersion = 17.7.34009.444
MinimumVisualStudioVersion = 10.0.40219.1
Project("{9A19103F-16F7-4668-BE54-9A1E7A4F7556}") = "Deliberatio", "Deliberatio\Deliberatio.csproj", "{DF00AD04-10A3-4972-891F-367A5F26F625}"
EndProject
Project("{9A19103F-16F7-4668-BE54-9A1E7A4F7556}") = "Deliberatio.Tests", "Deliberatio.Tests\Deliberatio.Tests.csproj", "{5056518F-BDFF-4570-A820-BC189D6B2672}"
EndProject
Global
	GlobalSection(SolutionConfigurationPlatforms) = preSolution
		Debug|Any CPU = Debug|Any CPU
		Release|Any CPU = Release|Any CPU
	EndGlobalSection
	GlobalSection(ProjectConfigurationPlatforms) = postSolution
		{DF00AD04-10A3-4972-891F-367A5F26F625}.Debug|Any CPU.ActiveCfg = Debug|Any CPU
		{DF00AD04-10A3-4972-891F-367A5F26F625}.Debug|Any CPU.Build.0 = Debug|Any CPU
		{DF00AD04-10A3-4972-891F-367A5F26F625}.Debug|Any CPU.Deploy.0 = Debug|Any CPU
		{DF00AD04-10A3-4972-891F-367A5F26F625}.Release|Any CPU.ActiveCfg = Release|Any CPU
		{DF00AD04-10A3-4972-891F-367A5F26F625}.Release|Any CPU.Build.0 = Release|Any CPU
		{DF00AD04-10A3-4972-891F-367A5F26F625}.Release|Any CPU.Deploy.0 = Release|Any CPU
		{5056518F-BDFF-4570-A820-BC189D6B2672}.Debug|Any CPU.ActiveCfg = Debug|Any CPU
		{5056518F-BDFF-4570-A820-BC189D6B2672}.Debug|Any CPU.Build.0 = Debug|Any CPU
		{5056518F-BDFF-4570-A820-BC189D6B2672}.Release|Any CPU.ActiveCfg = Release|Any CPU
		{5056518F-BDFF-4570-A820-BC189D6B2672}.Release|Any CPU.Build.0 = Release|Any CPU
	EndGlobalSection
	GlobalSection(SolutionProperties) = preSolution
		HideSolutionNode = FALSE
	EndGlobalSection
	GlobalSection(ExtensibilityGlobals) = postSolution
		SolutionGuid = {CC6E42F1-B4FC-4713-B438-3B07E612DA6E}
	EndGlobalSection
EndGlobal
